
Microsoft Visual Studio Solution File, Format Version 12.00
# Visual Studio Version 16
VisualStudioVersion = 16.0.29424.173
MinimumVisualStudioVersion = 10.0.40219.1
Project("{9A19103F-16F7-4668-BE54-9A1E7A4F7556}") = "PresentationLayer", "PresentationLayer\PresentationLayer.csproj", "{FAEDF9CE-34CA-481D-BB08-F4F57D382F3A}"
EndProject
Project("{9A19103F-16F7-4668-BE54-9A1E7A4F7556}") = "BusinessLayer", "BusinessLayer\BusinessLayer.csproj", "{ECB63D9A-905A-4268-9ADD-D1CC0D562B46}"
EndProject
Global
	GlobalSection(SolutionConfigurationPlatforms) = preSolution
		Debug|Any CPU = Debug|Any CPU
		Release|Any CPU = Release|Any CPU
	EndGlobalSection
	GlobalSection(ProjectConfigurationPlatforms) = postSolution
		{FAEDF9CE-34CA-481D-BB08-F4F57D382F3A}.Debug|Any CPU.ActiveCfg = Debug|Any CPU
		{FAEDF9CE-34CA-481D-BB08-F4F57D382F3A}.Debug|Any CPU.Build.0 = Debug|Any CPU
		{FAEDF9CE-34CA-481D-BB08-F4F57D382F3A}.Release|Any CPU.ActiveCfg = Release|Any CPU
		{FAEDF9CE-34CA-481D-BB08-F4F57D382F3A}.Release|Any CPU.Build.0 = Release|Any CPU
		{ECB63D9A-905A-4268-9ADD-D1CC0D562B46}.Debug|Any CPU.ActiveCfg = Debug|Any CPU
		{ECB63D9A-905A-4268-9ADD-D1CC0D562B46}.Debug|Any CPU.Build.0 = Debug|Any CPU
		{ECB63D9A-905A-4268-9ADD-D1CC0D562B46}.Release|Any CPU.ActiveCfg = Release|Any CPU
		{ECB63D9A-905A-4268-9ADD-D1CC0D562B46}.Release|Any CPU.Build.0 = Release|Any CPU
	EndGlobalSection
	GlobalSection(SolutionProperties) = preSolution
		HideSolutionNode = FALSE
	EndGlobalSection
	GlobalSection(ExtensibilityGlobals) = postSolution
		SolutionGuid = {0869C34F-88D6-4368-ABCE-46A25669DF9A}
	EndGlobalSection
EndGlobal
